
Microsoft Visual Studio Solution File, Format Version 12.00
# Visual Studio Version 17
VisualStudioVersion = 17.10.35013.160
MinimumVisualStudioVersion = 10.0.40219.1
Project("{FAE04EC0-301F-11D3-BF4B-00C04F79EFBC}") = "Tsystem", "Tsystem\Tsystem.csproj", "{D79B5AFE-A282-46FA-A165-A25549FAC133}"
EndProject
Global
	GlobalSection(SolutionConfigurationPlatforms) = preSolution
		Debug|Any CPU = Debug|Any CPU
		Release|Any CPU = Release|Any CPU
	EndGlobalSection
	GlobalSection(ProjectConfigurationPlatforms) = postSolution
		{D79B5AFE-A282-46FA-A165-A25549FAC133}.Debug|Any CPU.ActiveCfg = Debug|Any CPU
		{D79B5AFE-A282-46FA-A165-A25549FAC133}.Debug|Any CPU.Build.0 = Debug|Any CPU
		{D79B5AFE-A282-46FA-A165-A25549FAC133}.Release|Any CPU.ActiveCfg = Release|Any CPU
		{D79B5AFE-A282-46FA-A165-A25549FAC133}.Release|Any CPU.Build.0 = Release|Any CPU
	EndGlobalSection
	GlobalSection(SolutionProperties) = preSolution
		HideSolutionNode = FALSE
	EndGlobalSection
	GlobalSection(ExtensibilityGlobals) = postSolution
		SolutionGuid = {E62939C2-0DA2-43D5-BDBB-D53FD46C1B06}
	EndGlobalSection
EndGlobal
